
Microsoft Visual Studio Solution File, Format Version 12.00
# Visual Studio 15
VisualStudioVersion = 15.0.27004.2002
MinimumVisualStudioVersion = 10.0.40219.1
Project("{FAE04EC0-301F-11D3-BF4B-00C04F79EFBC}") = "N9.Camera.Android", "N9.Camera\N9.Camera.Android\N9.Camera.Android.csproj", "{F0A0558C-385F-4F04-B5AE-CC5B700367CD}"
EndProject
Project("{FAE04EC0-301F-11D3-BF4B-00C04F79EFBC}") = "N9.Camera", "N9.Camera\N9.Camera\N9.Camera.csproj", "{87CA738C-B70C-4403-B2E1-5DC7E5870A0E}"
EndProject
Project("{FAE04EC0-301F-11D3-BF4B-00C04F79EFBC}") = "N9.Camera.iOS", "N9.Camera\N9.Camera.iOS\N9.Camera.iOS.csproj", "{B2F5470B-66CB-47D8-BE22-FFF94467EA51}"
EndProject
Global
	GlobalSection(SolutionConfigurationPlatforms) = preSolution
		Ad-Hoc|Any CPU = Ad-Hoc|Any CPU
		Ad-Hoc|ARM = Ad-Hoc|ARM
		Ad-Hoc|iPhone = Ad-Hoc|iPhone
		Ad-Hoc|iPhoneSimulator = Ad-Hoc|iPhoneSimulator
		Ad-Hoc|x64 = Ad-Hoc|x64
		Ad-Hoc|x86 = Ad-Hoc|x86
		AppStore|Any CPU = AppStore|Any CPU
		AppStore|ARM = AppStore|ARM
		AppStore|iPhone = AppStore|iPhone
		AppStore|iPhoneSimulator = AppStore|iPhoneSimulator
		AppStore|x64 = AppStore|x64
		AppStore|x86 = AppStore|x86
		Debug|Any CPU = Debug|Any CPU
		Debug|ARM = Debug|ARM
		Debug|iPhone = Debug|iPhone
		Debug|iPhoneSimulator = Debug|iPhoneSimulator
		Debug|x64 = Debug|x64
		Debug|x86 = Debug|x86
		Release|Any CPU = Release|Any CPU
		Release|ARM = Release|ARM
		Release|iPhone = Release|iPhone
		Release|iPhoneSimulator = Release|iPhoneSimulator
		Release|x64 = Release|x64
		Release|x86 = Release|x86
	EndGlobalSection
	GlobalSection(ProjectConfigurationPlatforms) = postSolution
		{F0A0558C-385F-4F04-B5AE-CC5B700367CD}.Ad-Hoc|Any CPU.ActiveCfg = Release|Any CPU
		{F0A0558C-385F-4F04-B5AE-CC5B700367CD}.Ad-Hoc|Any CPU.Build.0 = Release|Any CPU
		{F0A0558C-385F-4F04-B5AE-CC5B700367CD}.Ad-Hoc|Any CPU.Deploy.0 = Release|Any CPU
		{F0A0558C-385F-4F04-B5AE-CC5B700367CD}.Ad-Hoc|ARM.ActiveCfg = Release|Any CPU
		{F0A0558C-385F-4F04-B5AE-CC5B700367CD}.Ad-Hoc|ARM.Build.0 = Release|Any CPU
		{F0A0558C-385F-4F04-B5AE-CC5B700367CD}.Ad-Hoc|ARM.Deploy.0 = Release|Any CPU
		{F0A0558C-385F-4F04-B5AE-CC5B700367CD}.Ad-Hoc|iPhone.ActiveCfg = Release|Any CPU
		{F0A0558C-385F-4F04-B5AE-CC5B700367CD}.Ad-Hoc|iPhone.Build.0 = Release|Any CPU
		{F0A0558C-385F-4F04-B5AE-CC5B700367CD}.Ad-Hoc|iPhone.Deploy.0 = Release|Any CPU
		{F0A0558C-385F-4F04-B5AE-CC5B700367CD}.Ad-Hoc|iPhoneSimulator.ActiveCfg = Release|Any CPU
		{F0A0558C-385F-4F04-B5AE-CC5B700367CD}.Ad-Hoc|iPhoneSimulator.Build.0 = Release|Any CPU
		{F0A0558C-385F-4F04-B5AE-CC5B700367CD}.Ad-Hoc|iPhoneSimulator.Deploy.0 = Release|Any CPU
		{F0A0558C-385F-4F04-B5AE-CC5B700367CD}.Ad-Hoc|x64.ActiveCfg = Release|Any CPU
		{F0A0558C-385F-4F04-B5AE-CC5B700367CD}.Ad-Hoc|x64.Build.0 = Release|Any CPU
		{F0A0558C-385F-4F04-B5AE-CC5B700367CD}.Ad-Hoc|x64.Deploy.0 = Release|Any CPU
		{F0A0558C-385F-4F04-B5AE-CC5B700367CD}.Ad-Hoc|x86.ActiveCfg = Release|Any CPU
		{F0A0558C-385F-4F04-B5AE-CC5B700367CD}.Ad-Hoc|x86.Build.0 = Release|Any CPU
		{F0A0558C-385F-4F04-B5AE-CC5B700367CD}.Ad-Hoc|x86.Deploy.0 = Release|Any CPU
		{F0A0558C-385F-4F04-B5AE-CC5B700367CD}.AppStore|Any CPU.ActiveCfg = Release|Any CPU
		{F0A0558C-385F-4F04-B5AE-CC5B700367CD}.AppStore|Any CPU.Build.0 = Release|Any CPU
		{F0A0558C-385F-4F04-B5AE-CC5B700367CD}.AppStore|Any CPU.Deploy.0 = Release|Any CPU
		{F0A0558C-385F-4F04-B5AE-CC5B700367CD}.AppStore|ARM.ActiveCfg = Release|Any CPU
		{F0A0558C-385F-4F04-B5AE-CC5B700367CD}.AppStore|ARM.Build.0 = Release|Any CPU
		{F0A0558C-385F-4F04-B5AE-CC5B700367CD}.AppStore|ARM.Deploy.0 = Release|Any CPU
		{F0A0558C-385F-4F04-B5AE-CC5B700367CD}.AppStore|iPhone.ActiveCfg = Release|Any CPU
		{F0A0558C-385F-4F04-B5AE-CC5B700367CD}.AppStore|iPhone.Build.0 = Release|Any CPU
		{F0A0558C-385F-4F04-B5AE-CC5B700367CD}.AppStore|iPhone.Deploy.0 = Release|Any CPU
		{F0A0558C-385F-4F04-B5AE-CC5B700367CD}.AppStore|iPhoneSimulator.ActiveCfg = Release|Any CPU
		{F0A0558C-385F-4F04-B5AE-CC5B700367CD}.AppStore|iPhoneSimulator.Build.0 = Release|Any CPU
		{F0A0558C-385F-4F04-B5AE-CC5B700367CD}.AppStore|iPhoneSimulator.Deploy.0 = Release|Any CPU
		{F0A0558C-385F-4F04-B5AE-CC5B700367CD}.AppStore|x64.ActiveCfg = Release|Any CPU
		{F0A0558C-385F-4F04-B5AE-CC5B700367CD}.AppStore|x64.Build.0 = Release|Any CPU
		{F0A0558C-385F-4F04-B5AE-CC5B700367CD}.AppStore|x64.Deploy.0 = Release|Any CPU
		{F0A0558C-385F-4F04-B5AE-CC5B700367CD}.AppStore|x86.ActiveCfg = Release|Any CPU
		{F0A0558C-385F-4F04-B5AE-CC5B700367CD}.AppStore|x86.Build.0 = Release|Any CPU
		{F0A0558C-385F-4F04-B5AE-CC5B700367CD}.AppStore|x86.Deploy.0 = Release|Any CPU
		{F0A0558C-385F-4F04-B5AE-CC5B700367CD}.Debug|Any CPU.ActiveCfg = Debug|Any CPU
		{F0A0558C-385F-4F04-B5AE-CC5B700367CD}.Debug|Any CPU.Build.0 = Debug|Any CPU
		{F0A0558C-385F-4F04-B5AE-CC5B700367CD}.Debug|Any CPU.Deploy.0 = Debug|Any CPU
		{F0A0558C-385F-4F04-B5AE-CC5B700367CD}.Debug|ARM.ActiveCfg = Debug|Any CPU
		{F0A0558C-385F-4F04-B5AE-CC5B700367CD}.Debug|ARM.Build.0 = Debug|Any CPU
		{F0A0558C-385F-4F04-B5AE-CC5B700367CD}.Debug|ARM.Deploy.0 = Debug|Any CPU
		{F0A0558C-385F-4F04-B5AE-CC5B700367CD}.Debug|iPhone.ActiveCfg = Debug|Any CPU
		{F0A0558C-385F-4F04-B5AE-CC5B700367CD}.Debug|iPhone.Build.0 = Debug|Any CPU
		{F0A0558C-385F-4F04-B5AE-CC5B700367CD}.Debug|iPhone.Deploy.0 = Debug|Any CPU
		{F0A0558C-385F-4F04-B5AE-CC5B700367CD}.Debug|iPhoneSimulator.ActiveCfg = Debug|Any CPU
		{F0A0558C-385F-4F04-B5AE-CC5B700367CD}.Debug|iPhoneSimulator.Build.0 = Debug|Any CPU
		{F0A0558C-385F-4F04-B5AE-CC5B700367CD}.Debug|iPhoneSimulator.Deploy.0 = Debug|Any CPU
		{F0A0558C-385F-4F04-B5AE-CC5B700367CD}.Debug|x64.ActiveCfg = Debug|Any CPU
		{F0A0558C-385F-4F04-B5AE-CC5B700367CD}.Debug|x64.Build.0 = Debug|Any CPU
		{F0A0558C-385F-4F04-B5AE-CC5B700367CD}.Debug|x64.Deploy.0 = Debug|Any CPU
		{F0A0558C-385F-4F04-B5AE-CC5B700367CD}.Debug|x86.ActiveCfg = Debug|Any CPU
		{F0A0558C-385F-4F04-B5AE-CC5B700367CD}.Debug|x86.Build.0 = Debug|Any CPU
		{F0A0558C-385F-4F04-B5AE-CC5B700367CD}.Debug|x86.Deploy.0 = Debug|Any CPU
		{F0A0558C-385F-4F04-B5AE-CC5B700367CD}.Release|Any CPU.ActiveCfg = Release|Any CPU
		{F0A0558C-385F-4F04-B5AE-CC5B700367CD}.Release|Any CPU.Build.0 = Release|Any CPU
		{F0A0558C-385F-4F04-B5AE-CC5B700367CD}.Release|Any CPU.Deploy.0 = Release|Any CPU
		{F0A0558C-385F-4F04-B5AE-CC5B700367CD}.Release|ARM.ActiveCfg = Release|Any CPU
		{F0A0558C-385F-4F04-B5AE-CC5B700367CD}.Release|ARM.Build.0 = Release|Any CPU
		{F0A0558C-385F-4F04-B5AE-CC5B700367CD}.Release|ARM.Deploy.0 = Release|Any CPU
		{F0A0558C-385F-4F04-B5AE-CC5B700367CD}.Release|iPhone.ActiveCfg = Release|Any CPU
		{F0A0558C-385F-4F04-B5AE-CC5B700367CD}.Release|iPhone.Build.0 = Release|Any CPU
		{F0A0558C-385F-4F04-B5AE-CC5B700367CD}.Release|iPhone.Deploy.0 = Release|Any CPU
		{F0A0558C-385F-4F04-B5AE-CC5B700367CD}.Release|iPhoneSimulator.ActiveCfg = Release|Any CPU
		{F0A0558C-385F-4F04-B5AE-CC5B700367CD}.Release|iPhoneSimulator.Build.0 = Release|Any CPU
		{F0A0558C-385F-4F04-B5AE-CC5B700367CD}.Release|iPhoneSimulator.Deploy.0 = Release|Any CPU
		{F0A0558C-385F-4F04-B5AE-CC5B700367CD}.Release|x64.ActiveCfg = Release|Any CPU
		{F0A0558C-385F-4F04-B5AE-CC5B700367CD}.Release|x64.Build.0 = Release|Any CPU
		{F0A0558C-385F-4F04-B5AE-CC5B700367CD}.Release|x64.Deploy.0 = Release|Any CPU
		{F0A0558C-385F-4F04-B5AE-CC5B700367CD}.Release|x86.ActiveCfg = Release|Any CPU
		{F0A0558C-385F-4F04-B5AE-CC5B700367CD}.Release|x86.Build.0 = Release|Any CPU
		{F0A0558C-385F-4F04-B5AE-CC5B700367CD}.Release|x86.Deploy.0 = Release|Any CPU
		{87CA738C-B70C-4403-B2E1-5DC7E5870A0E}.Ad-Hoc|Any CPU.ActiveCfg = Release|Any CPU
		{87CA738C-B70C-4403-B2E1-5DC7E5870A0E}.Ad-Hoc|Any CPU.Build.0 = Release|Any CPU
		{87CA738C-B70C-4403-B2E1-5DC7E5870A0E}.Ad-Hoc|ARM.ActiveCfg = Release|Any CPU
		{87CA738C-B70C-4403-B2E1-5DC7E5870A0E}.Ad-Hoc|ARM.Build.0 = Release|Any CPU
		{87CA738C-B70C-4403-B2E1-5DC7E5870A0E}.Ad-Hoc|iPhone.ActiveCfg = Release|Any CPU
		{87CA738C-B70C-4403-B2E1-5DC7E5870A0E}.Ad-Hoc|iPhone.Build.0 = Release|Any CPU
		{87CA738C-B70C-4403-B2E1-5DC7E5870A0E}.Ad-Hoc|iPhoneSimulator.ActiveCfg = Release|Any CPU
		{87CA738C-B70C-4403-B2E1-5DC7E5870A0E}.Ad-Hoc|iPhoneSimulator.Build.0 = Release|Any CPU
		{87CA738C-B70C-4403-B2E1-5DC7E5870A0E}.Ad-Hoc|x64.ActiveCfg = Release|Any CPU
		{87CA738C-B70C-4403-B2E1-5DC7E5870A0E}.Ad-Hoc|x64.Build.0 = Release|Any CPU
		{87CA738C-B70C-4403-B2E1-5DC7E5870A0E}.Ad-Hoc|x86.ActiveCfg = Release|Any CPU
		{87CA738C-B70C-4403-B2E1-5DC7E5870A0E}.Ad-Hoc|x86.Build.0 = Release|Any CPU
		{87CA738C-B70C-4403-B2E1-5DC7E5870A0E}.AppStore|Any CPU.ActiveCfg = Release|Any CPU
		{87CA738C-B70C-4403-B2E1-5DC7E5870A0E}.AppStore|Any CPU.Build.0 = Release|Any CPU
		{87CA738C-B70C-4403-B2E1-5DC7E5870A0E}.AppStore|ARM.ActiveCfg = Release|Any CPU
		{87CA738C-B70C-4403-B2E1-5DC7E5870A0E}.AppStore|ARM.Build.0 = Release|Any CPU
		{87CA738C-B70C-4403-B2E1-5DC7E5870A0E}.AppStore|iPhone.ActiveCfg = Release|Any CPU
		{87CA738C-B70C-4403-B2E1-5DC7E5870A0E}.AppStore|iPhone.Build.0 = Release|Any CPU
		{87CA738C-B70C-4403-B2E1-5DC7E5870A0E}.AppStore|iPhoneSimulator.ActiveCfg = Release|Any CPU
		{87CA738C-B70C-4403-B2E1-5DC7E5870A0E}.AppStore|iPhoneSimulator.Build.0 = Release|Any CPU
		{87CA738C-B70C-4403-B2E1-5DC7E5870A0E}.AppStore|x64.ActiveCfg = Release|Any CPU
		{87CA738C-B70C-4403-B2E1-5DC7E5870A0E}.AppStore|x64.Build.0 = Release|Any CPU
		{87CA738C-B70C-4403-B2E1-5DC7E5870A0E}.AppStore|x86.ActiveCfg = Release|Any CPU
		{87CA738C-B70C-4403-B2E1-5DC7E5870A0E}.AppStore|x86.Build.0 = Release|Any CPU
		{87CA738C-B70C-4403-B2E1-5DC7E5870A0E}.Debug|Any CPU.ActiveCfg = Debug|Any CPU
		{87CA738C-B70C-4403-B2E1-5DC7E5870A0E}.Debug|Any CPU.Build.0 = Debug|Any CPU
		{87CA738C-B70C-4403-B2E1-5DC7E5870A0E}.Debug|ARM.ActiveCfg = Debug|Any CPU
		{87CA738C-B70C-4403-B2E1-5DC7E5870A0E}.Debug|ARM.Build.0 = Debug|Any CPU
		{87CA738C-B70C-4403-B2E1-5DC7E5870A0E}.Debug|iPhone.ActiveCfg = Debug|Any CPU
		{87CA738C-B70C-4403-B2E1-5DC7E5870A0E}.Debug|iPhone.Build.0 = Debug|Any CPU
		{87CA738C-B70C-4403-B2E1-5DC7E5870A0E}.Debug|iPhoneSimulator.ActiveCfg = Debug|Any CPU
		{87CA738C-B70C-4403-B2E1-5DC7E5870A0E}.Debug|iPhoneSimulator.Build.0 = Debug|Any CPU
		{87CA738C-B70C-4403-B2E1-5DC7E5870A0E}.Debug|x64.ActiveCfg = Debug|Any CPU
		{87CA738C-B70C-4403-B2E1-5DC7E5870A0E}.Debug|x64.Build.0 = Debug|Any CPU
		{87CA738C-B70C-4403-B2E1-5DC7E5870A0E}.Debug|x86.ActiveCfg = Debug|Any CPU
		{87CA738C-B70C-4403-B2E1-5DC7E5870A0E}.Debug|x86.Build.0 = Debug|Any CPU
		{87CA738C-B70C-4403-B2E1-5DC7E5870A0E}.Release|Any CPU.ActiveCfg = Release|Any CPU
		{87CA738C-B70C-4403-B2E1-5DC7E5870A0E}.Release|Any CPU.Build.0 = Release|Any CPU
		{87CA738C-B70C-4403-B2E1-5DC7E5870A0E}.Release|ARM.ActiveCfg = Release|Any CPU
		{87CA738C-B70C-4403-B2E1-5DC7E5870A0E}.Release|ARM.Build.0 = Release|Any CPU
		{87CA738C-B70C-4403-B2E1-5DC7E5870A0E}.Release|iPhone.ActiveCfg = Release|Any CPU
		{87CA738C-B70C-4403-B2E1-5DC7E5870A0E}.Release|iPhone.Build.0 = Release|Any CPU
		{87CA738C-B70C-4403-B2E1-5DC7E5870A0E}.Release|iPhoneSimulator.ActiveCfg = Release|Any CPU
		{87CA738C-B70C-4403-B2E1-5DC7E5870A0E}.Release|iPhoneSimulator.Build.0 = Release|Any CPU
		{87CA738C-B70C-4403-B2E1-5DC7E5870A0E}.Release|x64.ActiveCfg = Release|Any CPU
		{87CA738C-B70C-4403-B2E1-5DC7E5870A0E}.Release|x64.Build.0 = Release|Any CPU
		{87CA738C-B70C-4403-B2E1-5DC7E5870A0E}.Release|x86.ActiveCfg = Release|Any CPU
		{87CA738C-B70C-4403-B2E1-5DC7E5870A0E}.Release|x86.Build.0 = Release|Any CPU
		{B2F5470B-66CB-47D8-BE22-FFF94467EA51}.Ad-Hoc|Any CPU.ActiveCfg = Ad-Hoc|iPhoneSimulator
		{B2F5470B-66CB-47D8-BE22-FFF94467EA51}.Ad-Hoc|ARM.ActiveCfg = Ad-Hoc|iPhone
		{B2F5470B-66CB-47D8-BE22-FFF94467EA51}.Ad-Hoc|iPhone.ActiveCfg = Ad-Hoc|iPhone
		{B2F5470B-66CB-47D8-BE22-FFF94467EA51}.Ad-Hoc|iPhone.Build.0 = Ad-Hoc|iPhone
		{B2F5470B-66CB-47D8-BE22-FFF94467EA51}.Ad-Hoc|iPhoneSimulator.ActiveCfg = Ad-Hoc|iPhoneSimulator
		{B2F5470B-66CB-47D8-BE22-FFF94467EA51}.Ad-Hoc|iPhoneSimulator.Build.0 = Ad-Hoc|iPhoneSimulator
		{B2F5470B-66CB-47D8-BE22-FFF94467EA51}.Ad-Hoc|x64.ActiveCfg = Ad-Hoc|iPhone
		{B2F5470B-66CB-47D8-BE22-FFF94467EA51}.Ad-Hoc|x86.ActiveCfg = Ad-Hoc|iPhone
		{B2F5470B-66CB-47D8-BE22-FFF94467EA51}.AppStore|Any CPU.ActiveCfg = AppStore|iPhoneSimulator
		{B2F5470B-66CB-47D8-BE22-FFF94467EA51}.AppStore|ARM.ActiveCfg = AppStore|iPhone
		{B2F5470B-66CB-47D8-BE22-FFF94467EA51}.AppStore|iPhone.ActiveCfg = AppStore|iPhone
		{B2F5470B-66CB-47D8-BE22-FFF94467EA51}.AppStore|iPhone.Build.0 = AppStore|iPhone
		{B2F5470B-66CB-47D8-BE22-FFF94467EA51}.AppStore|iPhoneSimulator.ActiveCfg = AppStore|iPhoneSimulator
		{B2F5470B-66CB-47D8-BE22-FFF94467EA51}.AppStore|iPhoneSimulator.Build.0 = AppStore|iPhoneSimulator
		{B2F5470B-66CB-47D8-BE22-FFF94467EA51}.AppStore|x64.ActiveCfg = AppStore|iPhone
		{B2F5470B-66CB-47D8-BE22-FFF94467EA51}.AppStore|x86.ActiveCfg = AppStore|iPhone
		{B2F5470B-66CB-47D8-BE22-FFF94467EA51}.Debug|Any CPU.ActiveCfg = Debug|iPhoneSimulator
		{B2F5470B-66CB-47D8-BE22-FFF94467EA51}.Debug|ARM.ActiveCfg = Debug|iPhone
		{B2F5470B-66CB-47D8-BE22-FFF94467EA51}.Debug|iPhone.ActiveCfg = Debug|iPhone
		{B2F5470B-66CB-47D8-BE22-FFF94467EA51}.Debug|iPhone.Build.0 = Debug|iPhone
		{B2F5470B-66CB-47D8-BE22-FFF94467EA51}.Debug|iPhoneSimulator.ActiveCfg = Debug|iPhoneSimulator
		{B2F5470B-66CB-47D8-BE22-FFF94467EA51}.Debug|iPhoneSimulator.Build.0 = Debug|iPhoneSimulator
		{B2F5470B-66CB-47D8-BE22-FFF94467EA51}.Debug|x64.ActiveCfg = Debug|iPhone
		{B2F5470B-66CB-47D8-BE22-FFF94467EA51}.Debug|x86.ActiveCfg = Debug|iPhone
		{B2F5470B-66CB-47D8-BE22-FFF94467EA51}.Release|Any CPU.ActiveCfg = Release|iPhoneSimulator
		{B2F5470B-66CB-47D8-BE22-FFF94467EA51}.Release|ARM.ActiveCfg = Release|iPhone
		{B2F5470B-66CB-47D8-BE22-FFF94467EA51}.Release|iPhone.ActiveCfg = Release|iPhone
		{B2F5470B-66CB-47D8-BE22-FFF94467EA51}.Release|iPhone.Build.0 = Release|iPhone
		{B2F5470B-66CB-47D8-BE22-FFF94467EA51}.Release|iPhoneSimulator.ActiveCfg = Release|iPhoneSimulator
		{B2F5470B-66CB-47D8-BE22-FFF94467EA51}.Release|iPhoneSimulator.Build.0 = Release|iPhoneSimulator
		{B2F5470B-66CB-47D8-BE22-FFF94467EA51}.Release|x64.ActiveCfg = Release|iPhone
		{B2F5470B-66CB-47D8-BE22-FFF94467EA51}.Release|x86.ActiveCfg = Release|iPhone
	EndGlobalSection
	GlobalSection(SolutionProperties) = preSolution
		HideSolutionNode = FALSE
	EndGlobalSection
	GlobalSection(ExtensibilityGlobals) = postSolution
		SolutionGuid = {5933A36F-57E6-47F7-A0F8-89B048DEB788}
	EndGlobalSection
EndGlobal
